
Microsoft Visual Studio Solution File, Format Version 12.00
# Visual Studio Version 17
VisualStudioVersion = 17.14.36221.1 d17.14
MinimumVisualStudioVersion = 10.0.40219.1
Project("{FAE04EC0-301F-11D3-BF4B-00C04F79EFBC}") = "EstudoIA", "EstudoIA\EstudoIA\EstudoIA.csproj", "{F89BBEA1-D558-4CFF-989D-70C354C34ABC}"
EndProject
Project("{FAE04EC0-301F-11D3-BF4B-00C04F79EFBC}") = "EstudoIA.Client", "EstudoIA\EstudoIA.Client\EstudoIA.Client.csproj", "{FB43E6DC-4DC2-4D53-BE30-6944FBFFD85C}"
EndProject
Global
	GlobalSection(SolutionConfigurationPlatforms) = preSolution
		Debug|Any CPU = Debug|Any CPU
		Release|Any CPU = Release|Any CPU
	EndGlobalSection
	GlobalSection(ProjectConfigurationPlatforms) = postSolution
		{F89BBEA1-D558-4CFF-989D-70C354C34ABC}.Debug|Any CPU.ActiveCfg = Debug|Any CPU
		{F89BBEA1-D558-4CFF-989D-70C354C34ABC}.Debug|Any CPU.Build.0 = Debug|Any CPU
		{F89BBEA1-D558-4CFF-989D-70C354C34ABC}.Release|Any CPU.ActiveCfg = Release|Any CPU
		{F89BBEA1-D558-4CFF-989D-70C354C34ABC}.Release|Any CPU.Build.0 = Release|Any CPU
		{FB43E6DC-4DC2-4D53-BE30-6944FBFFD85C}.Debug|Any CPU.ActiveCfg = Debug|Any CPU
		{FB43E6DC-4DC2-4D53-BE30-6944FBFFD85C}.Debug|Any CPU.Build.0 = Debug|Any CPU
		{FB43E6DC-4DC2-4D53-BE30-6944FBFFD85C}.Release|Any CPU.ActiveCfg = Release|Any CPU
		{FB43E6DC-4DC2-4D53-BE30-6944FBFFD85C}.Release|Any CPU.Build.0 = Release|Any CPU
	EndGlobalSection
	GlobalSection(SolutionProperties) = preSolution
		HideSolutionNode = FALSE
	EndGlobalSection
	GlobalSection(ExtensibilityGlobals) = postSolution
		SolutionGuid = {DC7B318A-20D5-4E19-83AA-ED460348A677}
	EndGlobalSection
EndGlobal
