
Microsoft Visual Studio Solution File, Format Version 12.00
# Visual Studio Version 17
VisualStudioVersion = 17.5.33627.172
MinimumVisualStudioVersion = 10.0.40219.1
Project("{FAE04EC0-301F-11D3-BF4B-00C04F79EFBC}") = "VerDados.Server", "VerDados\Server\VerDados.Server.csproj", "{E87AC4DB-A5E6-4571-9BA9-DE2A870AB5FB}"
EndProject
Project("{FAE04EC0-301F-11D3-BF4B-00C04F79EFBC}") = "VerDados.Client", "VerDados\Client\VerDados.Client.csproj", "{0056AF5A-BE69-4B05-8325-D7B2C33ADD0E}"
EndProject
Project("{FAE04EC0-301F-11D3-BF4B-00C04F79EFBC}") = "VerDados.Shared", "VerDados\Shared\VerDados.Shared.csproj", "{862737FF-47C0-44D6-AFD7-F1F1297BB478}"
EndProject
Global
	GlobalSection(SolutionConfigurationPlatforms) = preSolution
		Debug|Any CPU = Debug|Any CPU
		Release|Any CPU = Release|Any CPU
	EndGlobalSection
	GlobalSection(ProjectConfigurationPlatforms) = postSolution
		{E87AC4DB-A5E6-4571-9BA9-DE2A870AB5FB}.Debug|Any CPU.ActiveCfg = Debug|Any CPU
		{E87AC4DB-A5E6-4571-9BA9-DE2A870AB5FB}.Debug|Any CPU.Build.0 = Debug|Any CPU
		{E87AC4DB-A5E6-4571-9BA9-DE2A870AB5FB}.Release|Any CPU.ActiveCfg = Release|Any CPU
		{E87AC4DB-A5E6-4571-9BA9-DE2A870AB5FB}.Release|Any CPU.Build.0 = Release|Any CPU
		{0056AF5A-BE69-4B05-8325-D7B2C33ADD0E}.Debug|Any CPU.ActiveCfg = Debug|Any CPU
		{0056AF5A-BE69-4B05-8325-D7B2C33ADD0E}.Debug|Any CPU.Build.0 = Debug|Any CPU
		{0056AF5A-BE69-4B05-8325-D7B2C33ADD0E}.Release|Any CPU.ActiveCfg = Release|Any CPU
		{0056AF5A-BE69-4B05-8325-D7B2C33ADD0E}.Release|Any CPU.Build.0 = Release|Any CPU
		{862737FF-47C0-44D6-AFD7-F1F1297BB478}.Debug|Any CPU.ActiveCfg = Debug|Any CPU
		{862737FF-47C0-44D6-AFD7-F1F1297BB478}.Debug|Any CPU.Build.0 = Debug|Any CPU
		{862737FF-47C0-44D6-AFD7-F1F1297BB478}.Release|Any CPU.ActiveCfg = Release|Any CPU
		{862737FF-47C0-44D6-AFD7-F1F1297BB478}.Release|Any CPU.Build.0 = Release|Any CPU
	EndGlobalSection
	GlobalSection(SolutionProperties) = preSolution
		HideSolutionNode = FALSE
	EndGlobalSection
	GlobalSection(ExtensibilityGlobals) = postSolution
		SolutionGuid = {26AF2F2E-681B-4386-AAE4-4334064A1021}
	EndGlobalSection
EndGlobal
