
Microsoft Visual Studio Solution File, Format Version 12.00
# Visual Studio Version 17
VisualStudioVersion = 17.8.34309.116
MinimumVisualStudioVersion = 10.0.40219.1
Project("{FAE04EC0-301F-11D3-BF4B-00C04F79EFBC}") = "Blazor8", "Blazor8\Blazor8\Blazor8.csproj", "{6BE6135A-43B9-4357-9988-384B14B94652}"
EndProject
Project("{FAE04EC0-301F-11D3-BF4B-00C04F79EFBC}") = "Blazor8.Client", "Blazor8\Blazor8.Client\Blazor8.Client.csproj", "{2C4308EC-1C63-48B2-BF7C-E8E7FA48EAEC}"
EndProject
Global
	GlobalSection(SolutionConfigurationPlatforms) = preSolution
		Debug|Any CPU = Debug|Any CPU
		Release|Any CPU = Release|Any CPU
	EndGlobalSection
	GlobalSection(ProjectConfigurationPlatforms) = postSolution
		{6BE6135A-43B9-4357-9988-384B14B94652}.Debug|Any CPU.ActiveCfg = Debug|Any CPU
		{6BE6135A-43B9-4357-9988-384B14B94652}.Debug|Any CPU.Build.0 = Debug|Any CPU
		{6BE6135A-43B9-4357-9988-384B14B94652}.Release|Any CPU.ActiveCfg = Release|Any CPU
		{6BE6135A-43B9-4357-9988-384B14B94652}.Release|Any CPU.Build.0 = Release|Any CPU
		{2C4308EC-1C63-48B2-BF7C-E8E7FA48EAEC}.Debug|Any CPU.ActiveCfg = Debug|Any CPU
		{2C4308EC-1C63-48B2-BF7C-E8E7FA48EAEC}.Debug|Any CPU.Build.0 = Debug|Any CPU
		{2C4308EC-1C63-48B2-BF7C-E8E7FA48EAEC}.Release|Any CPU.ActiveCfg = Release|Any CPU
		{2C4308EC-1C63-48B2-BF7C-E8E7FA48EAEC}.Release|Any CPU.Build.0 = Release|Any CPU
	EndGlobalSection
	GlobalSection(SolutionProperties) = preSolution
		HideSolutionNode = FALSE
	EndGlobalSection
	GlobalSection(ExtensibilityGlobals) = postSolution
		SolutionGuid = {EFBB8FAB-63FD-4A2A-82DD-292B73CB69F4}
	EndGlobalSection
EndGlobal
